
Microsoft Visual Studio Solution File, Format Version 12.00
# Visual Studio 14
VisualStudioVersion = 14.0.25420.1
MinimumVisualStudioVersion = 10.0.40219.1
Project("{FAE04EC0-301F-11D3-BF4B-00C04F79EFBC}") = "RestApi", "RestApi\RestApi.csproj", "{56FADE86-8D55-4931-B804-B50E2BD55485}"
EndProject
Project("{00D1A9C2-B5F0-4AF3-8072-F6C62B433612}") = "toujarDB", "toujarDB\toujarDB.sqlproj", "{994D6B61-504F-47B1-B401-B63F622594F0}"
EndProject
Project("{FAE04EC0-301F-11D3-BF4B-00C04F79EFBC}") = "toujarDataAccess1", "toujarDataAccess1\toujarDataAccess1.csproj", "{5987F3FB-D7F6-402A-99F6-E8E5D41E9842}"
EndProject
Global
	GlobalSection(SolutionConfigurationPlatforms) = preSolution
		Debug|Any CPU = Debug|Any CPU
		Release|Any CPU = Release|Any CPU
	EndGlobalSection
	GlobalSection(ProjectConfigurationPlatforms) = postSolution
		{56FADE86-8D55-4931-B804-B50E2BD55485}.Debug|Any CPU.ActiveCfg = Debug|Any CPU
		{56FADE86-8D55-4931-B804-B50E2BD55485}.Debug|Any CPU.Build.0 = Debug|Any CPU
		{56FADE86-8D55-4931-B804-B50E2BD55485}.Release|Any CPU.ActiveCfg = Release|Any CPU
		{56FADE86-8D55-4931-B804-B50E2BD55485}.Release|Any CPU.Build.0 = Release|Any CPU
		{994D6B61-504F-47B1-B401-B63F622594F0}.Debug|Any CPU.ActiveCfg = Debug|Any CPU
		{994D6B61-504F-47B1-B401-B63F622594F0}.Debug|Any CPU.Build.0 = Debug|Any CPU
		{994D6B61-504F-47B1-B401-B63F622594F0}.Debug|Any CPU.Deploy.0 = Debug|Any CPU
		{994D6B61-504F-47B1-B401-B63F622594F0}.Release|Any CPU.ActiveCfg = Release|Any CPU
		{994D6B61-504F-47B1-B401-B63F622594F0}.Release|Any CPU.Build.0 = Release|Any CPU
		{994D6B61-504F-47B1-B401-B63F622594F0}.Release|Any CPU.Deploy.0 = Release|Any CPU
		{5987F3FB-D7F6-402A-99F6-E8E5D41E9842}.Debug|Any CPU.ActiveCfg = Debug|Any CPU
		{5987F3FB-D7F6-402A-99F6-E8E5D41E9842}.Debug|Any CPU.Build.0 = Debug|Any CPU
		{5987F3FB-D7F6-402A-99F6-E8E5D41E9842}.Release|Any CPU.ActiveCfg = Release|Any CPU
		{5987F3FB-D7F6-402A-99F6-E8E5D41E9842}.Release|Any CPU.Build.0 = Release|Any CPU
	EndGlobalSection
	GlobalSection(SolutionProperties) = preSolution
		HideSolutionNode = FALSE
	EndGlobalSection
EndGlobal
